{
    "_meta": {
        "hash": {
            "sha256": "35d8e5b41b8c0a7e050d014237962fae3571a2943daba4d3033c9602a657b360"
        },
        "pipfile-spec": 6,
        "requires": {},
        "sources": [
            {
                "name": "pypi",
                "url": "https://pypi.org/simple",
                "verify_ssl": true
            }
        ]
    },
    "default": {
        "altgraph": {
            "hashes": [
                "sha256:1f05a47122542f97028caf78775a095fbe6a2699b5089de8477eb583167d69aa",
                "sha256:c623e5f3408ca61d4016f23a681b9adb100802ca3e3da5e718915a9e4052cebe"
            ],
            "version": "==0.17"
        },
        "apiclient": {
            "hashes": [
                "sha256:2569c998191cd1a042beffa3cf7c1119277237b4ba1fa021d20c81fa98fa95e9"
            ],
            "index": "pypi",
            "version": "==1.0.4"
        },
        "argparse": {
            "hashes": [
                "sha256:62b089a55be1d8949cd2bc7e0df0bddb9e028faefc8c32038cc84862aefdd6e4",
                "sha256:c31647edb69fd3d465a847ea3157d37bed1f95f19760b11a47aa91c04b666314"
            ],
            "index": "pypi",
            "version": "==1.4.0"
        },
        "beautifulsoup4": {
            "hashes": [
                "sha256:4c98143716ef1cb40bf7f39a8e3eec8f8b009509e74904ba3a7b315431577e35",
                "sha256:84729e322ad1d5b4d25f805bfa05b902dd96450f43842c4e99067d5e1369eb25",
                "sha256:fff47e031e34ec82bf17e00da8f592fe7de69aeea38be00523c04623c04fb666"
            ],
            "version": "==4.9.3"
        },
        "cachetools": {
            "hashes": [
                "sha256:1d9d5f567be80f7c07d765e21b814326d78c61eb0c3a637dffc0e5d1796cb2e2",
                "sha256:f469e29e7aa4cff64d8de4aad95ce76de8ea1125a16c68e0d93f65c3c3dc92e9"
            ],
            "version": "==4.2.1"
        },
        "certifi": {
            "hashes": [
                "sha256:1a4995114262bffbc2413b159f2a1a480c969de6e6eb13ee966d470af86af59c",
                "sha256:719a74fb9e33b9bd44cc7f3a8d94bc35e4049deebe19ba7d8e108280cfd59830"
            ],
            "version": "==2020.12.5"
        },
        "chardet": {
            "hashes": [
                "sha256:84ab92ed1c4d4f16916e05906b6b75a6c0fb5db821cc65e70cbd64a3e2a5eaae",
                "sha256:fc323ffcaeaed0e0a02bf4d117757b98aed530d9ed4531e3e15460124c106691"
            ],
            "version": "==3.0.4"
        },
        "configparser": {
            "hashes": [
                "sha256:2ca44140ee259b5e3d8aaf47c79c36a7ab0d5e94d70bd4105c03ede7a20ea5a1",
                "sha256:cffc044844040c7ce04e9acd1838b5f2e5fa3170182f6fda4d2ea8b0099dbadd"
            ],
            "index": "pypi",
            "version": "==5.0.0"
        },
        "datetime": {
            "hashes": [
                "sha256:371dba07417b929a4fa685c2f7a3eaa6a62d60c02947831f97d4df9a9e70dfd0",
                "sha256:5cef605bab8259ff61281762cdf3290e459fbf0b4719951d5fab967d5f2ea0ea"
            ],
            "index": "pypi",
            "version": "==4.3"
        },
        "google": {
            "hashes": [
                "sha256:c03517e6f9eec7a03c07b864f9a64384fd4bc1efce9034d42e3f90addc9fe4ee",
                "sha256:ff7d997dbf33be666ed5deb8c5abf5d103c27ec199559b6d994923469e26bb48"
            ],
            "index": "pypi",
            "version": "==2.0.3"
        },
        "google-api-core": {
            "hashes": [
                "sha256:002e44c533299aecd9dd265d200f9eacd9957cddd2c72e2cd1cb5cea127e972d",
                "sha256:4230ec764d48ca934fe69b85cc217e31e844e176f68df93e252acd55350e730b"
            ],
            "version": "==1.26.0"
        },
        "google-api-python-client": {
            "hashes": [
                "sha256:b764be88cf2a1f8b4c4d17c9187a279fea93f4d767e7d7c24f71bf25385a8b10",
                "sha256:be4e8dcf399d7d1dcaae004b7f18694907f740bf6e6cebda91da8ebd968c5481"
            ],
            "index": "pypi",
            "version": "==1.8.3"
        },
        "google-auth": {
            "hashes": [
                "sha256:008e23ed080674f69f9d2d7d80db4c2591b9bb307d136cea7b3bc129771d211d",
                "sha256:514e39f4190ca972200ba33876da5a8857c5665f2b4ccc36c8b8ee21228aae80"
            ],
            "version": "==1.25.0"
        },
        "google-auth-httplib2": {
            "hashes": [
                "sha256:8d092cc60fb16517b12057ec0bba9185a96e3b7169d86ae12eae98e645b7bc39",
                "sha256:aeaff501738b289717fac1980db9711d77908a6c227f60e4aa1923410b43e2ee"
            ],
            "version": "==0.0.4"
        },
        "google-auth-oauthlib": {
            "hashes": [
                "sha256:88d2cd115e3391eb85e1243ac6902e76e77c5fe438b7276b297fbe68015458dd",
                "sha256:a92a0f6f41a0fb6138454fbc02674e64f89d82a244ea32f98471733c8ef0e0e1"
            ],
            "index": "pypi",
            "version": "==0.4.1"
        },
        "googleapis-common-protos": {
            "hashes": [
                "sha256:560716c807117394da12cecb0a54da5a451b5cf9866f1d37e9a5e2329a665351",
                "sha256:c8961760f5aad9a711d37b675be103e0cc4e9a39327e0d6d857872f698403e24"
            ],
            "version": "==1.52.0"
        },
        "httplib2": {
            "hashes": [
                "sha256:749c32603f9bf16c1277f59531d502e8f1c2ca19901ae653b49c4ed698f0820e",
                "sha256:e0d428dad43c72dbce7d163b7753ffc7a39c097e6788ef10f4198db69b92f08e"
            ],
            "index": "pypi",
            "version": "==0.19.0"
        },
        "idna": {
            "hashes": [
                "sha256:b307872f855b18632ce0c21c5e45be78c0ea7ae4c15c828c20788b26921eb3f6",
                "sha256:b97d804b1e9b523befed77c48dacec60e6dcb0b5391d57af6a65a312a90648c0"
            ],
            "version": "==2.10"
        },
        "oauth2client": {
            "hashes": [
                "sha256:b8a81cc5d60e2d364f0b1b98f958dbd472887acaf1a5b05e21c28c31a2d6d3ac",
                "sha256:d486741e451287f69568a4d26d70d9acd73a2bbfa275746c535b4209891cccc6"
            ],
            "index": "pypi",
            "version": "==4.1.3"
        },
        "oauthlib": {
            "hashes": [
                "sha256:bee41cc35fcca6e988463cacc3bcb8a96224f470ca547e697b604cc697b2f889",
                "sha256:df884cd6cbe20e32633f1db1072e9356f53638e4361bef4e8b03c9127c9328ea"
            ],
            "version": "==3.1.0"
        },
        "packaging": {
            "hashes": [
                "sha256:5b327ac1320dc863dca72f4514ecc086f31186744b84a230374cc1fd776feae5",
                "sha256:67714da7f7bc052e064859c05c595155bd1ee9f69f76557e21f051443c20947a"
            ],
            "version": "==20.9"
        },
        "pathlib": {
            "hashes": [
                "sha256:6940718dfc3eff4258203ad5021090933e5c04707d5ca8cc9e73c94a7894ea9f"
            ],
            "index": "pypi",
            "version": "==1.0.1"
        },
        "pickle5": {
            "hashes": [
                "sha256:f8ad2c9f4dc6cb52db232949c26c9cd865a7e624edb270101bede142c332858c"
            ],
            "index": "pypi",
            "version": "==0.0.10"
        },
        "protobuf": {
            "hashes": [
                "sha256:0e247612fadda953047f53301a7b0407cb0c3cb4ae25a6fde661597a04039b3c",
                "sha256:0fc96785262042e4863b3f3b5c429d4636f10d90061e1840fce1baaf59b1a836",
                "sha256:1c51fda1bbc9634246e7be6016d860be01747354ed7015ebe38acf4452f470d2",
                "sha256:1d63eb389347293d8915fb47bee0951c7b5dab522a4a60118b9a18f33e21f8ce",
                "sha256:22bcd2e284b3b1d969c12e84dc9b9a71701ec82d8ce975fdda19712e1cfd4e00",
                "sha256:2a7e2fe101a7ace75e9327b9c946d247749e564a267b0515cf41dfe450b69bac",
                "sha256:43b554b9e73a07ba84ed6cf25db0ff88b1e06be610b37656e292e3cbb5437472",
                "sha256:4b74301b30513b1a7494d3055d95c714b560fbb630d8fb9956b6f27992c9f980",
                "sha256:4e75105c9dfe13719b7293f75bd53033108f4ba03d44e71db0ec2a0e8401eafd",
                "sha256:5b7a637212cc9b2bcf85dd828b1178d19efdf74dbfe1ddf8cd1b8e01fdaaa7f5",
                "sha256:5e9806a43232a1fa0c9cf5da8dc06f6910d53e4390be1fa06f06454d888a9142",
                "sha256:629b03fd3caae7f815b0c66b41273f6b1900a579e2ccb41ef4493a4f5fb84f3a",
                "sha256:72230ed56f026dd664c21d73c5db73ebba50d924d7ba6b7c0d81a121e390406e",
                "sha256:86a75477addde4918e9a1904e5c6af8d7b691f2a3f65587d73b16100fbe4c3b2",
                "sha256:8971c421dbd7aad930c9bd2694122f332350b6ccb5202a8b7b06f3f1a5c41ed5",
                "sha256:9616f0b65a30851e62f1713336c931fcd32c057202b7ff2cfbfca0fc7d5e3043",
                "sha256:b0d5d35faeb07e22a1ddf8dce620860c8fe145426c02d1a0ae2688c6e8ede36d",
                "sha256:ecc33531a213eee22ad60e0e2aaea6c8ba0021f0cce35dbf0ab03dee6e2a23a1"
            ],
            "version": "==3.14.0"
        },
        "pyasn1": {
            "hashes": [
                "sha256:39c7e2ec30515947ff4e87fb6f456dfc6e84857d34be479c9d4a4ba4bf46aa5d",
                "sha256:aef77c9fb94a3ac588e87841208bdec464471d9871bd5050a287cc9a475cd0ba"
            ],
            "version": "==0.4.8"
        },
        "pyasn1-modules": {
            "hashes": [
                "sha256:905f84c712230b2c592c19470d3ca8d552de726050d1d1716282a1f6146be65e",
                "sha256:a50b808ffeb97cb3601dd25981f6b016cbb3d31fbf57a8b8a87428e6158d0c74"
            ],
            "version": "==0.2.8"
        },
        "pyinstaller": {
            "hashes": [
                "sha256:3730fa80d088f8bb7084d32480eb87cbb4ddb64123363763cf8f2a1378c1c4b7"
            ],
            "index": "pypi",
            "version": "==3.6"
        },
        "pyparsing": {
            "hashes": [
                "sha256:c203ec8783bf771a155b207279b9bccb8dea02d8f0c9e5f8ead507bc3246ecc1",
                "sha256:ef9d7589ef3c200abe66653d3f1ab1033c3c419ae9b9bdb1240a85b024efc88b"
            ],
            "version": "==2.4.7"
        },
        "pytz": {
            "hashes": [
                "sha256:83a4a90894bf38e243cf052c8b58f381bfe9a7a483f6a9cab140bc7f702ac4da",
                "sha256:eb10ce3e7736052ed3623d49975ce333bcd712c7bb19a58b9e2089d4057d0798"
            ],
            "version": "==2021.1"
        },
        "requests": {
            "hashes": [
                "sha256:43999036bfa82904b6af1d99e4882b560e5e2c68e5c4b0aa03b655f3d7d73fee",
                "sha256:b3f43d496c6daba4493e7c431722aeb7dbc6288f52a6e04e7b6023b0247817e6"
            ],
            "index": "pypi",
            "version": "==2.23.0"
        },
        "requests-oauthlib": {
            "hashes": [
                "sha256:7f71572defaecd16372f9006f33c2ec8c077c3cfa6f5911a9a90202beb513f3d",
                "sha256:b4261601a71fd721a8bd6d7aa1cc1d6a8a93b4a9f5e96626f8e4d91e8beeaa6a"
            ],
            "version": "==1.3.0"
        },
        "rsa": {
            "hashes": [
                "sha256:69805d6b69f56eb05b62daea3a7dbd7aa44324ad1306445e05da8060232d00f4",
                "sha256:a8774e55b59fd9fc893b0d05e9bfc6f47081f46ff5b46f39ccf24631b7be356b"
            ],
            "markers": "python_version >= '3.6'",
            "version": "==4.7"
        },
        "six": {
            "hashes": [
                "sha256:30639c035cdb23534cd4aa2dd52c3bf48f06e5f4a941509c8bafd8ce11080259",
                "sha256:8b74bedcbbbaca38ff6d7491d76f2b06b3592611af620f8426e82dddb04a5ced"
            ],
            "version": "==1.15.0"
        },
        "soupsieve": {
            "hashes": [
                "sha256:4bb21a6ee4707bf43b61230e80740e71bfe56e55d1f1f50924b087bb2975c851",
                "sha256:6dc52924dc0bc710a5d16794e6b3480b2c7c08b07729505feab2b2c16661ff6e"
            ],
            "markers": "python_version >= '3.0'",
            "version": "==2.1"
        },
        "tzlocal": {
            "hashes": [
                "sha256:643c97c5294aedc737780a49d9df30889321cbe1204eac2c2ec6134035a92e44",
                "sha256:e2cb6c6b5b604af38597403e9852872d7f534962ae2954c7f35efcb1ccacf4a4"
            ],
            "index": "pypi",
            "version": "==2.1"
        },
        "uritemplate": {
            "hashes": [
                "sha256:07620c3f3f8eed1f12600845892b0e036a2420acf513c53f7de0abd911a5894f",
                "sha256:5af8ad10cec94f215e3f48112de2022e1d5a37ed427fbd88652fa908f2ab7cae"
            ],
            "version": "==3.0.1"
        },
        "urllib3": {
            "hashes": [
                "sha256:8d7eaa5a82a1cac232164990f04874c594c9453ec55eef02eab885aa02fc17a2",
                "sha256:f5321fbe4bf3fefa0efd0bfe7fb14e90909eb62a48ccda331726b4319897dd5e"
            ],
            "version": "==1.25.11"
        },
        "zope.interface": {
            "hashes": [
                "sha256:05a97ba92c1c7c26f25c9f671aa1ef85ffead6cdad13770e5b689cf983adc7e1",
                "sha256:07d61722dd7d85547b7c6b0f5486b4338001fab349f2ac5cabc0b7182eb3425d",
                "sha256:0a990dcc97806e5980bbb54b2e46b9cde9e48932d8e6984daf71ef1745516123",
                "sha256:150e8bcb7253a34a4535aeea3de36c0bb3b1a6a47a183a95d65a194b3e07f232",
                "sha256:1743bcfe45af8846b775086471c28258f4c6e9ee8ef37484de4495f15a98b549",
                "sha256:1b5f6c8fff4ed32aa2dd43e84061bc8346f32d3ba6ad6e58f088fe109608f102",
                "sha256:21e49123f375703cf824214939d39df0af62c47d122d955b2a8d9153ea08cfd5",
                "sha256:21f579134a47083ffb5ddd1307f0405c91aa8b61ad4be6fd5af0171474fe0c45",
                "sha256:27c267dc38a0f0079e96a2945ee65786d38ef111e413c702fbaaacbab6361d00",
                "sha256:299bde0ab9e5c4a92f01a152b7fbabb460f31343f1416f9b7b983167ab1e33bc",
                "sha256:2ab88d8f228f803fcb8cb7d222c579d13dab2d3622c51e8cf321280da01102a7",
                "sha256:2ced4c35061eea623bc84c7711eedce8ecc3c2c51cd9c6afa6290df3bae9e104",
                "sha256:2dcab01c660983ba5e5a612e0c935141ccbee67d2e2e14b833e01c2354bd8034",
                "sha256:32546af61a9a9b141ca38d971aa6eb9800450fa6620ce6323cc30eec447861f3",
                "sha256:32b40a4c46d199827d79c86bb8cb88b1bbb764f127876f2cb6f3a47f63dbada3",
                "sha256:3cc94c69f6bd48ed86e8e24f358cb75095c8129827df1298518ab860115269a4",
                "sha256:42b278ac0989d6f5cf58d7e0828ea6b5951464e3cf2ff229dd09a96cb6ba0c86",
                "sha256:495b63fd0302f282ee6c1e6ea0f1c12cb3d1a49c8292d27287f01845ff252a96",
                "sha256:4af87cdc0d4b14e600e6d3d09793dce3b7171348a094ba818e2a68ae7ee67546",
                "sha256:4b94df9f2fdde7b9314321bab8448e6ad5a23b80542dcab53e329527d4099dcb",
                "sha256:4c48ddb63e2b20fba4c6a2bf81b4d49e99b6d4587fb67a6cd33a2c1f003af3e3",
                "sha256:4df9afd17bd5477e9f8c8b6bb8507e18dd0f8b4efe73bb99729ff203279e9e3b",
                "sha256:518950fe6a5d56f94ba125107895f938a4f34f704c658986eae8255edb41163b",
                "sha256:538298e4e113ccb8b41658d5a4b605bebe75e46a30ceca22a5a289cf02c80bec",
                "sha256:55465121e72e208a7b69b53de791402affe6165083b2ea71b892728bd19ba9ae",
                "sha256:588384d70a0f19b47409cfdb10e0c27c20e4293b74fc891df3d8eb47782b8b3e",
                "sha256:6278c080d4afffc9016e14325f8734456831124e8c12caa754fd544435c08386",
                "sha256:64ea6c221aeee4796860405e1aedec63424cda4202a7ad27a5066876db5b0fd2",
                "sha256:681dbb33e2b40262b33fd383bae63c36d33fd79fa1a8e4092945430744ffd34a",
                "sha256:6936aa9da390402d646a32a6a38d5409c2d2afb2950f045a7d02ab25a4e7d08d",
                "sha256:778d0ec38bbd288b150a3ae363c8ffd88d2207a756842495e9bffd8a8afbc89a",
                "sha256:8251f06a77985a2729a8bdbefbae79ee78567dddc3acbd499b87e705ca59fe24",
                "sha256:83b4aa5344cce005a9cff5d0321b2e318e871cc1dfc793b66c32dd4f59e9770d",
                "sha256:844fad925ac5c2ad4faaceb3b2520ad016b5280105c6e16e79838cf951903a7b",
                "sha256:8ceb3667dd13b8133f2e4d637b5b00f240f066448e2aa89a41f4c2d78a26ce50",
                "sha256:92dc0fb79675882d0b6138be4bf0cec7ea7c7eede60aaca78303d8e8dbdaa523",
                "sha256:9789bd945e9f5bd026ed3f5b453d640befb8b1fc33a779c1fe8d3eb21fe3fb4a",
                "sha256:a2b6d6eb693bc2fc6c484f2e5d93bd0b0da803fa77bf974f160533e555e4d095",
                "sha256:aab9f1e34d810feb00bf841993552b8fcc6ae71d473c505381627143d0018a6a",
                "sha256:abb61afd84f23099ac6099d804cdba9bd3b902aaaded3ffff47e490b0a495520",
                "sha256:adf9ee115ae8ff8b6da4b854b4152f253b390ba64407a22d75456fe07dcbda65",
                "sha256:aedc6c672b351afe6dfe17ff83ee5e7eb6ed44718f879a9328a68bdb20b57e11",
                "sha256:b7a00ecb1434f8183395fac5366a21ee73d14900082ca37cf74993cf46baa56c",
                "sha256:ba32f4a91c1cb7314c429b03afbf87b1fff4fb1c8db32260e7310104bd77f0c7",
                "sha256:cbd0f2cbd8689861209cd89141371d3a22a11613304d1f0736492590aa0ab332",
                "sha256:e4bc372b953bf6cec65a8d48482ba574f6e051621d157cf224227dbb55486b1e",
                "sha256:eccac3d9aadc68e994b6d228cb0c8919fc47a5350d85a1b4d3d81d1e98baf40c",
                "sha256:efd550b3da28195746bb43bd1d815058181a7ca6d9d6aa89dd37f5eefe2cacb7",
                "sha256:efef581c8ba4d990770875e1a2218e856849d32ada2680e53aebc5d154a17e20",
                "sha256:f057897711a630a0b7a6a03f1acf379b6ba25d37dc5dc217a97191984ba7f2fc",
                "sha256:f37d45fab14ffef9d33a0dc3bc59ce0c5313e2253323312d47739192da94f5fd",
                "sha256:f44906f70205d456d503105023041f1e63aece7623b31c390a0103db4de17537"
            ],
            "version": "==5.2.0"
        }
    },
    "develop": {
        "altgraph": {
            "hashes": [
                "sha256:1f05a47122542f97028caf78775a095fbe6a2699b5089de8477eb583167d69aa",
                "sha256:c623e5f3408ca61d4016f23a681b9adb100802ca3e3da5e718915a9e4052cebe"
            ],
            "version": "==0.17"
        },
        "pyinstaller": {
            "hashes": [
                "sha256:3730fa80d088f8bb7084d32480eb87cbb4ddb64123363763cf8f2a1378c1c4b7"
            ],
            "index": "pypi",
            "version": "==3.6"
        }
    }
}
